
Microsoft Visual Studio Solution File, Format Version 12.00
# Visual Studio Version 17
VisualStudioVersion = 17.11.35208.52
MinimumVisualStudioVersion = 10.0.40219.1
Project("{FAE04EC0-301F-11D3-BF4B-00C04F79EFBC}") = "ProducerService", "ProducerService\ProducerService.csproj", "{1FC1897B-B604-473B-A6A3-50F3B1D29223}"
EndProject
Global
	GlobalSection(SolutionConfigurationPlatforms) = preSolution
		Debug|Any CPU = Debug|Any CPU
		Release|Any CPU = Release|Any CPU
	EndGlobalSection
	GlobalSection(ProjectConfigurationPlatforms) = postSolution
		{1FC1897B-B604-473B-A6A3-50F3B1D29223}.Debug|Any CPU.ActiveCfg = Debug|Any CPU
		{1FC1897B-B604-473B-A6A3-50F3B1D29223}.Debug|Any CPU.Build.0 = Debug|Any CPU
		{1FC1897B-B604-473B-A6A3-50F3B1D29223}.Release|Any CPU.ActiveCfg = Release|Any CPU
		{1FC1897B-B604-473B-A6A3-50F3B1D29223}.Release|Any CPU.Build.0 = Release|Any CPU
	EndGlobalSection
	GlobalSection(SolutionProperties) = preSolution
		HideSolutionNode = FALSE
	EndGlobalSection
	GlobalSection(ExtensibilityGlobals) = postSolution
		SolutionGuid = {BC9B667E-051F-4C3E-B066-C96DA8C306B5}
	EndGlobalSection
EndGlobal
